# THIS IS AN AUTOGENERATED FILE. DO NOT EDIT THIS FILE DIRECTLY.
# yarn lockfile v1


"@babel/runtime@^7.7.6":
  version "7.10.2"
  resolved "https://registry.yarnpkg.com/@babel/runtime/-/runtime-7.10.2.tgz#d103f21f2602497d38348a32e008637d506db839"
  integrity sha512-6sF3uQw2ivImfVIl62RZ7MXhO2tap69WeWK57vAaimT6AZbE4FbqjdEJIN1UqoD6wI6B+1n9UiagafH1sxjOtg==
  dependencies:
    regenerator-runtime "^0.13.4"

"@ledgerhq/devices@^4.78.0":
  version "4.78.0"
  resolved "https://registry.yarnpkg.com/@ledgerhq/devices/-/devices-4.78.0.tgz#149b572f0616096e2bd5eb14ce14d0061c432be6"
  integrity sha512-tWKS5WM/UU82czihnVjRwz9SXNTQzWjGJ/7+j/xZ70O86nlnGJ1aaFbs5/WTzfrVKpOKgj1ZoZkAswX67i/JTw==
  dependencies:
    "@ledgerhq/errors" "^4.78.0"
    "@ledgerhq/logs" "^4.72.0"
    rxjs "^6.5.3"

"@ledgerhq/errors@^4.78.0":
  version "4.78.0"
  resolved "https://registry.yarnpkg.com/@ledgerhq/errors/-/errors-4.78.0.tgz#23daf3af54d03b1bda3e616002b555da1bdb705a"
  integrity sha512-FX6zHZeiNtegBvXabK6M5dJ+8OV8kQGGaGtuXDeK/Ss5EmG4Ltxc6Lnhe8hiHpm9pCHtktOsnUVL7IFBdHhYUg==

"@ledgerhq/hw-transport@^4.78.0":
  version "4.78.0"
  resolved "https://registry.yarnpkg.com/@ledgerhq/hw-transport/-/hw-transport-4.78.0.tgz#714786658e1f2fbc0569e06e2abf8d15d310d931"
  integrity sha512-xQu16OMPQjFYLjqCysij+8sXtdWv2YLxPrB6FoLvEWGTlQ7yL1nUBRQyzyQtWIYqZd4THQowQmzm1VjxuN6SZw==
  dependencies:
    "@ledgerhq/devices" "^4.78.0"
    "@ledgerhq/errors" "^4.78.0"
    events "^3.0.0"

"@ledgerhq/logs@^4.72.0":
  version "4.72.0"
  resolved "https://registry.yarnpkg.com/@ledgerhq/logs/-/logs-4.72.0.tgz#43df23af013ad1135407e5cf33ca6e4c4c7708d5"
  integrity sha512-o+TYF8vBcyySRsb2kqBDv/KMeme8a2nwWoG+lAWzbDmWfb2/MrVWYCVYDYvjXdSoI/Cujqy1i0gIDrkdxa9chA==

"@terra-money/ledger-terra-js@^1.0.5":
  version "1.0.5"
  resolved "https://registry.yarnpkg.com/@terra-money/ledger-terra-js/-/ledger-terra-js-1.0.5.tgz#5803394f91c70f7d0bd402957f6beb229d161fe5"
  integrity sha512-xLvpLjSVY7n443I8Hwh6cxEhQFxNfyGN3nw4OjP66CjU68a/6waQ7UdGBizRHc7MQnD01IZ5qWfDxymynLM88w==
  dependencies:
    "@babel/runtime" "^7.7.6"
    "@ledgerhq/hw-transport" "^4.78.0"
    bech32 "^1.1.3"
    ripemd160 "^2.0.2"

bech32@^1.1.3:
  version "1.1.4"
  resolved "https://registry.yarnpkg.com/bech32/-/bech32-1.1.4.tgz#e38c9f37bf179b8eb16ae3a772b40c356d4832e9"
  integrity sha512-s0IrSOzLlbvX7yp4WBfPITzpAU8sqQcpsmwXDiKwrG4r491vwCO/XpejasRNl0piBMe/DvP4Tz0mIS/X1DPJBQ==

events@^3.0.0:
  version "3.1.0"
  resolved "https://registry.yarnpkg.com/events/-/events-3.1.0.tgz#84279af1b34cb75aa88bf5ff291f6d0bd9b31a59"
  integrity sha512-Rv+u8MLHNOdMjTAFeT3nCjHn2aGlx435FP/sDHNaRhDEMwyI/aB22Kj2qIN8R0cw3z28psEQLYwxVKLsKrMgWg==

hash-base@^3.0.0:
  version "3.1.0"
  resolved "https://registry.yarnpkg.com/hash-base/-/hash-base-3.1.0.tgz#55c381d9e06e1d2997a883b4a3fddfe7f0d3af33"
  integrity sha512-1nmYp/rhMDiE7AYkDw+lLwlAzz0AntGIe51F3RfFfEqyQ3feY2eI/NcwC6umIQVOASPMsWJLJScWKSSvzL9IVA==
  dependencies:
    inherits "^2.0.4"
    readable-stream "^3.6.0"
    safe-buffer "^5.2.0"

inherits@^2.0.1, inherits@^2.0.3, inherits@^2.0.4:
  version "2.0.4"
  resolved "https://registry.yarnpkg.com/inherits/-/inherits-2.0.4.tgz#0fa2c64f932917c3433a0ded55363aae37416b7c"
  integrity sha512-k/vGaX4/Yla3WzyMCvTQOXYeIHvqOKtnqBduzTHpzpQZzAskKMhZ2K+EnBiSM9zGSoIFeMpXKxa4dYeZIQqewQ==

readable-stream@^3.6.0:
  version "3.6.0"
  resolved "https://registry.yarnpkg.com/readable-stream/-/readable-stream-3.6.0.tgz#337bbda3adc0706bd3e024426a286d4b4b2c9198"
  integrity sha512-BViHy7LKeTz4oNnkcLJ+lVSL6vpiFeX6/d3oSH8zCW7UxP2onchk+vTGB143xuFjHS3deTgkKoXXymXqymiIdA==
  dependencies:
    inherits "^2.0.3"
    string_decoder "^1.1.1"
    util-deprecate "^1.0.1"

regenerator-runtime@^0.13.4:
  version "0.13.5"
  resolved "https://registry.yarnpkg.com/regenerator-runtime/-/regenerator-runtime-0.13.5.tgz#d878a1d094b4306d10b9096484b33ebd55e26697"
  integrity sha512-ZS5w8CpKFinUzOwW3c83oPeVXoNsrLsaCoLtJvAClH135j/R77RuymhiSErhm2lKcwSCIpmvIWSbDkIfAqKQlA==

ripemd160@^2.0.2:
  version "2.0.2"
  resolved "https://registry.yarnpkg.com/ripemd160/-/ripemd160-2.0.2.tgz#a1c1a6f624751577ba5d07914cbc92850585890c"
  integrity sha512-ii4iagi25WusVoiC4B4lq7pbXfAp3D9v5CwfkY33vffw2+pkDjY1D8GaN7spsxvCSx8dkPqOZCEZyfxcmJG2IA==
  dependencies:
    hash-base "^3.0.0"
    inherits "^2.0.1"

rxjs@^6.5.3:
  version "6.5.5"
  resolved "https://registry.yarnpkg.com/rxjs/-/rxjs-6.5.5.tgz#c5c884e3094c8cfee31bf27eb87e54ccfc87f9ec"
  integrity sha512-WfQI+1gohdf0Dai/Bbmk5L5ItH5tYqm3ki2c5GdWhKjalzjg93N3avFjVStyZZz+A2Em+ZxKH5bNghw9UeylGQ==
  dependencies:
    tslib "^1.9.0"

safe-buffer@^5.2.0, safe-buffer@~5.2.0:
  version "5.2.1"
  resolved "https://registry.yarnpkg.com/safe-buffer/-/safe-buffer-5.2.1.tgz#1eaf9fa9bdb1fdd4ec75f58f9cdb4e6b7827eec6"
  integrity sha512-rp3So07KcdmmKbGvgaNxQSJr7bGVSVk5S9Eq1F+ppbRo70+YeaDxkw5Dd8NPN+GD6bjnYm2VuPuCXmpuYvmCXQ==

string_decoder@^1.1.1:
  version "1.3.0"
  resolved "https://registry.yarnpkg.com/string_decoder/-/string_decoder-1.3.0.tgz#42f114594a46cf1a8e30b0a84f56c78c3edac21e"
  integrity sha512-hkRX8U1WjJFd8LsDJ2yQ/wWWxaopEsABU1XfkM8A+j0+85JAGppt16cr1Whg6KIbb4okU6Mql6BOj+uup/wKeA==
  dependencies:
    safe-buffer "~5.2.0"

tslib@^1.9.0:
  version "1.13.0"
  resolved "https://registry.yarnpkg.com/tslib/-/tslib-1.13.0.tgz#c881e13cc7015894ed914862d276436fa9a47043"
  integrity sha512-i/6DQjL8Xf3be4K/E6Wgpekn5Qasl1usyw++dAA35Ue5orEn65VIxOA+YvNNl9HV3qv70T7CNwjODHZrLwvd1Q==

util-deprecate@^1.0.1:
  version "1.0.2"
  resolved "https://registry.yarnpkg.com/util-deprecate/-/util-deprecate-1.0.2.tgz#450d4dc9fa70de732762fbd2d4a28981419a0ccf"
  integrity sha1-RQ1Nyfpw3nMnYvvS1KKJgUGaDM8=
